
Microsoft Visual Studio Solution File, Format Version 12.00
# Visual Studio Version 17
VisualStudioVersion = 17.14.36705.20
MinimumVisualStudioVersion = 10.0.40219.1
Project("{FAE04EC0-301F-11D3-BF4B-00C04F79EFBC}") = "A01Client", "A01Client\A01Client.csproj", "{6FCC8872-E48D-40C6-ACA7-1695A1BDE7F0}"
EndProject
Project("{FAE04EC0-301F-11D3-BF4B-00C04F79EFBC}") = "A01Server", "A01Server\A01Server.csproj", "{A0F2B725-FB89-4A9D-A5FC-243572B6A814}"
EndProject
Global
	GlobalSection(SolutionConfigurationPlatforms) = preSolution
		Debug|Any CPU = Debug|Any CPU
		Release|Any CPU = Release|Any CPU
	EndGlobalSection
	GlobalSection(ProjectConfigurationPlatforms) = postSolution
		{6FCC8872-E48D-40C6-ACA7-1695A1BDE7F0}.Debug|Any CPU.ActiveCfg = Debug|Any CPU
		{6FCC8872-E48D-40C6-ACA7-1695A1BDE7F0}.Debug|Any CPU.Build.0 = Debug|Any CPU
		{6FCC8872-E48D-40C6-ACA7-1695A1BDE7F0}.Release|Any CPU.ActiveCfg = Release|Any CPU
		{6FCC8872-E48D-40C6-ACA7-1695A1BDE7F0}.Release|Any CPU.Build.0 = Release|Any CPU
		{A0F2B725-FB89-4A9D-A5FC-243572B6A814}.Debug|Any CPU.ActiveCfg = Debug|Any CPU
		{A0F2B725-FB89-4A9D-A5FC-243572B6A814}.Debug|Any CPU.Build.0 = Debug|Any CPU
		{A0F2B725-FB89-4A9D-A5FC-243572B6A814}.Release|Any CPU.ActiveCfg = Release|Any CPU
		{A0F2B725-FB89-4A9D-A5FC-243572B6A814}.Release|Any CPU.Build.0 = Release|Any CPU
	EndGlobalSection
	GlobalSection(SolutionProperties) = preSolution
		HideSolutionNode = FALSE
	EndGlobalSection
	GlobalSection(ExtensibilityGlobals) = postSolution
		SolutionGuid = {31F4B310-0151-4CE0-92C9-5ABAEA6DBB41}
	EndGlobalSection
EndGlobal
